
Microsoft Visual Studio Solution File, Format Version 12.00
# Visual Studio Version 17
VisualStudioVersion = 17.2.32505.173
MinimumVisualStudioVersion = 10.0.40219.1
Project("{9A19103F-16F7-4668-BE54-9A1E7A4F7556}") = "FlowReports.TestApplication", "FlowReports.TestApplication\FlowReports.TestApplication.csproj", "{7D0F3D41-9DDA-49EB-BAFF-65C943561915}"
EndProject
Project("{9A19103F-16F7-4668-BE54-9A1E7A4F7556}") = "FlowReports.UnitTests", "FlowReports.UnitTests\FlowReports.UnitTests.csproj", "{9E8B311A-B12A-495C-978A-9A238F2BD902}"
EndProject
Project("{2150E333-8FDC-42A3-9474-1A3956D46DE8}") = "Solution Items", "Solution Items", "{40686216-16A5-4FF2-B5B9-5213B9199FFD}"
	ProjectSection(SolutionItems) = preProject
		.editorconfig = .editorconfig
		.gitattributes = .gitattributes
		.gitignore = .gitignore
		CHANGELOG.md = CHANGELOG.md
		LICENSE.txt = LICENSE.txt
		README.md = README.md
	EndProjectSection
EndProject
Project("{9A19103F-16F7-4668-BE54-9A1E7A4F7556}") = "FlowReports", "FlowReports\FlowReports.csproj", "{285A9841-E34D-4185-9022-A587D19C3259}"
EndProject
Global
	GlobalSection(SolutionConfigurationPlatforms) = preSolution
		Debug|Any CPU = Debug|Any CPU
		Release|Any CPU = Release|Any CPU
	EndGlobalSection
	GlobalSection(ProjectConfigurationPlatforms) = postSolution
		{7D0F3D41-9DDA-49EB-BAFF-65C943561915}.Debug|Any CPU.ActiveCfg = Debug|Any CPU
		{7D0F3D41-9DDA-49EB-BAFF-65C943561915}.Debug|Any CPU.Build.0 = Debug|Any CPU
		{7D0F3D41-9DDA-49EB-BAFF-65C943561915}.Release|Any CPU.ActiveCfg = Release|Any CPU
		{7D0F3D41-9DDA-49EB-BAFF-65C943561915}.Release|Any CPU.Build.0 = Release|Any CPU
		{9E8B311A-B12A-495C-978A-9A238F2BD902}.Debug|Any CPU.ActiveCfg = Debug|Any CPU
		{9E8B311A-B12A-495C-978A-9A238F2BD902}.Debug|Any CPU.Build.0 = Debug|Any CPU
		{9E8B311A-B12A-495C-978A-9A238F2BD902}.Release|Any CPU.ActiveCfg = Release|Any CPU
		{9E8B311A-B12A-495C-978A-9A238F2BD902}.Release|Any CPU.Build.0 = Release|Any CPU
		{285A9841-E34D-4185-9022-A587D19C3259}.Debug|Any CPU.ActiveCfg = Debug|Any CPU
		{285A9841-E34D-4185-9022-A587D19C3259}.Debug|Any CPU.Build.0 = Debug|Any CPU
		{285A9841-E34D-4185-9022-A587D19C3259}.Release|Any CPU.ActiveCfg = Release|Any CPU
		{285A9841-E34D-4185-9022-A587D19C3259}.Release|Any CPU.Build.0 = Release|Any CPU
	EndGlobalSection
	GlobalSection(SolutionProperties) = preSolution
		HideSolutionNode = FALSE
	EndGlobalSection
	GlobalSection(ExtensibilityGlobals) = postSolution
		RESX_ConfirmAddLanguageFile = True
		RESX_SortFileContentOnSave = True
		SolutionGuid = {7EC9A44C-0463-4A87-A2D6-88AE22DFF535}
	EndGlobalSection
EndGlobal
